{
  "name": "coinmarketcap-trend",
  "version": "1.0.0",
  "lockfileVersion": 1,
  "requires": true,
  "dependencies": {
    "html2json": {
      "version": "1.0.2",
      "resolved": "https://registry.npmjs.org/html2json/-/html2json-1.0.2.tgz",
      "integrity": "sha1-ydbSAvplQCOGwgKzRc9RvOgO0e8="
    },
    "server-html": {
      "version": "1.0.17",
      "resolved": "https://registry.npmjs.org/server-html/-/server-html-1.0.17.tgz",
      "integrity": "sha512-c98s40yHZDNlsOvXS6r2/5295T2bUKAItoczTRJ6ftZeXFBwLzlDiE5+Nf5x7ynHSR1g8uSHs61MV1dm8bcyMg==",
      "requires": {
        "html2json": "^1.0.2"
      }
    }
  }
}
